
Microsoft Visual Studio Solution File, Format Version 12.00
# Visual Studio Version 17
VisualStudioVersion = 17.7.34024.191
MinimumVisualStudioVersion = 10.0.40219.1
Project("{FAE04EC0-301F-11D3-BF4B-00C04F79EFBC}") = "Fall2023-Assignment1-bdjones15", "Fall2023-Assignment1-bdjones15\Fall2023-Assignment1-bdjones15.csproj", "{BCE85E26-D268-4A6A-84D5-D74C02C7A398}"
EndProject
Global
	GlobalSection(SolutionConfigurationPlatforms) = preSolution
		Debug|Any CPU = Debug|Any CPU
		Release|Any CPU = Release|Any CPU
	EndGlobalSection
	GlobalSection(ProjectConfigurationPlatforms) = postSolution
		{BCE85E26-D268-4A6A-84D5-D74C02C7A398}.Debug|Any CPU.ActiveCfg = Debug|Any CPU
		{BCE85E26-D268-4A6A-84D5-D74C02C7A398}.Debug|Any CPU.Build.0 = Debug|Any CPU
		{BCE85E26-D268-4A6A-84D5-D74C02C7A398}.Release|Any CPU.ActiveCfg = Release|Any CPU
		{BCE85E26-D268-4A6A-84D5-D74C02C7A398}.Release|Any CPU.Build.0 = Release|Any CPU
	EndGlobalSection
	GlobalSection(SolutionProperties) = preSolution
		HideSolutionNode = FALSE
	EndGlobalSection
	GlobalSection(ExtensibilityGlobals) = postSolution
		SolutionGuid = {9D216EDF-3D2E-4233-93C3-042140003517}
	EndGlobalSection
EndGlobal
